<?xml version="1.0" encoding="utf-8"?>
<Project ToolsVersion="17.0" xmlns="http://schemas.microsoft.com/developer/msbuild/2003">
  <ItemGroup>
    <CustomBuild Include="D:\liuyue\physDreamerVulkanDemo\3dgs.cpp.opt\build_msvc143\CMakeFiles\05e3357dd080034cb06bbc54faa4930f\generate.stamp.rule">
      <Filter>CMake Rules</Filter>
    </CustomBuild>
  </ItemGroup>
  <ItemGroup>
    <Filter Include="CMake Rules">
      <UniqueIdentifier>{B5846DD4-9772-3191-B71A-F4E6853AD8CF}</UniqueIdentifier>
    </Filter>
  </ItemGroup>
</Project>
