<?xml version="1.0" encoding="utf-8"?>
<Project ToolsVersion="17.0" xmlns="http://schemas.microsoft.com/developer/msbuild/2003">
  <ItemGroup>
    <CustomBuild Include="D:\liuyue\physDreamerVulkanDemo\3dgs.cpp.opt\build_msvc143\CMakeFiles\49d325772eeffa0b0ae2e7120b2e31a2\copy_spv_to_source.rule">
      <Filter>CMake Rules</Filter>
    </CustomBuild>
    <CustomBuild Include="D:\liuyue\physDreamerVulkanDemo\3dgs.cpp.opt\src\shaders\CMakeLists.txt" />
  </ItemGroup>
  <ItemGroup>
    <None Include="D:\liuyue\physDreamerVulkanDemo\3dgs.cpp.opt\build_msvc143\src\shaders\CMakeFiles\copy_spv_to_source" />
  </ItemGroup>
  <ItemGroup>
    <Filter Include="CMake Rules">
      <UniqueIdentifier>{B5846DD4-9772-3191-B71A-F4E6853AD8CF}</UniqueIdentifier>
    </Filter>
  </ItemGroup>
</Project>
