
Microsoft Visual Studio Solution File, Format Version 12.00
# Visual Studio Version 17
Project("{2150E333-8FDC-42A3-9474-1A3956D46DE8}") = "CMakePredefinedTargets", "CMakePredefinedTargets", "{FAC1561B-E774-36DA-860C-F6592EBBEAA6}"
EndProject
Project("{8BC9CEB8-8B4A-11D0-8D11-00A0C91BC942}") = "ALL_BUILD", "ALL_BUILD.vcxproj", "{2D832810-DE4B-3DB8-9D93-D5D2B922FAB7}"
	ProjectSection(ProjectDependencies) = postProject
		{578C4487-A3AB-3DEA-83AE-5473ECFB0B7A} = {578C4487-A3AB-3DEA-83AE-5473ECFB0B7A}
		{4FC3426E-D28C-3A03-B07C-60AE6EB15D2B} = {4FC3426E-D28C-3A03-B07C-60AE6EB15D2B}
		{F5F7F894-DF99-3BE6-ACB5-94E5667854FA} = {F5F7F894-DF99-3BE6-ACB5-94E5667854FA}
	EndProjectSection
EndProject
Project("{8BC9CEB8-8B4A-11D0-8D11-00A0C91BC942}") = "ZERO_CHECK", "..\..\ZERO_CHECK.vcxproj", "{578C4487-A3AB-3DEA-83AE-5473ECFB0B7A}"
	ProjectSection(ProjectDependencies) = postProject
	EndProjectSection
EndProject
Project("{8BC9CEB8-8B4A-11D0-8D11-00A0C91BC942}") = "copy_spv_to_source", "copy_spv_to_source.vcxproj", "{4FC3426E-D28C-3A03-B07C-60AE6EB15D2B}"
	ProjectSection(ProjectDependencies) = postProject
		{578C4487-A3AB-3DEA-83AE-5473ECFB0B7A} = {578C4487-A3AB-3DEA-83AE-5473ECFB0B7A}
		{17BF0070-2B4D-34BF-8F30-006B06463C9E} = {17BF0070-2B4D-34BF-8F30-006B06463C9E}
	EndProjectSection
EndProject
Project("{8BC9CEB8-8B4A-11D0-8D11-00A0C91BC942}") = "embedfile", "embedfile.vcxproj", "{F5F7F894-DF99-3BE6-ACB5-94E5667854FA}"
	ProjectSection(ProjectDependencies) = postProject
		{578C4487-A3AB-3DEA-83AE-5473ECFB0B7A} = {578C4487-A3AB-3DEA-83AE-5473ECFB0B7A}
	EndProjectSection
EndProject
Project("{8BC9CEB8-8B4A-11D0-8D11-00A0C91BC942}") = "shaders", "shaders.vcxproj", "{17BF0070-2B4D-34BF-8F30-006B06463C9E}"
	ProjectSection(ProjectDependencies) = postProject
		{578C4487-A3AB-3DEA-83AE-5473ECFB0B7A} = {578C4487-A3AB-3DEA-83AE-5473ECFB0B7A}
		{F5F7F894-DF99-3BE6-ACB5-94E5667854FA} = {F5F7F894-DF99-3BE6-ACB5-94E5667854FA}
	EndProjectSection
EndProject
Project("{8BC9CEB8-8B4A-11D0-8D11-00A0C91BC942}") = "xcode_shaders", "xcode_shaders.vcxproj", "{C1682A7D-B974-3035-94DC-13B46C19A01A}"
	ProjectSection(ProjectDependencies) = postProject
		{578C4487-A3AB-3DEA-83AE-5473ECFB0B7A} = {578C4487-A3AB-3DEA-83AE-5473ECFB0B7A}
		{F5F7F894-DF99-3BE6-ACB5-94E5667854FA} = {F5F7F894-DF99-3BE6-ACB5-94E5667854FA}
	EndProjectSection
EndProject
Global
	GlobalSection(SolutionConfigurationPlatforms) = preSolution
		Debug|x64 = Debug|x64
		Release|x64 = Release|x64
		MinSizeRel|x64 = MinSizeRel|x64
		RelWithDebInfo|x64 = RelWithDebInfo|x64
	EndGlobalSection
	GlobalSection(ProjectConfigurationPlatforms) = postSolution
		{2D832810-DE4B-3DB8-9D93-D5D2B922FAB7}.Debug|x64.ActiveCfg = Debug|x64
		{2D832810-DE4B-3DB8-9D93-D5D2B922FAB7}.Release|x64.ActiveCfg = Release|x64
		{2D832810-DE4B-3DB8-9D93-D5D2B922FAB7}.MinSizeRel|x64.ActiveCfg = MinSizeRel|x64
		{2D832810-DE4B-3DB8-9D93-D5D2B922FAB7}.RelWithDebInfo|x64.ActiveCfg = RelWithDebInfo|x64
		{578C4487-A3AB-3DEA-83AE-5473ECFB0B7A}.Debug|x64.ActiveCfg = Debug|x64
		{578C4487-A3AB-3DEA-83AE-5473ECFB0B7A}.Debug|x64.Build.0 = Debug|x64
		{578C4487-A3AB-3DEA-83AE-5473ECFB0B7A}.Release|x64.ActiveCfg = Release|x64
		{578C4487-A3AB-3DEA-83AE-5473ECFB0B7A}.Release|x64.Build.0 = Release|x64
		{578C4487-A3AB-3DEA-83AE-5473ECFB0B7A}.MinSizeRel|x64.ActiveCfg = MinSizeRel|x64
		{578C4487-A3AB-3DEA-83AE-5473ECFB0B7A}.MinSizeRel|x64.Build.0 = MinSizeRel|x64
		{578C4487-A3AB-3DEA-83AE-5473ECFB0B7A}.RelWithDebInfo|x64.ActiveCfg = RelWithDebInfo|x64
		{578C4487-A3AB-3DEA-83AE-5473ECFB0B7A}.RelWithDebInfo|x64.Build.0 = RelWithDebInfo|x64
		{4FC3426E-D28C-3A03-B07C-60AE6EB15D2B}.Debug|x64.ActiveCfg = Debug|x64
		{4FC3426E-D28C-3A03-B07C-60AE6EB15D2B}.Debug|x64.Build.0 = Debug|x64
		{4FC3426E-D28C-3A03-B07C-60AE6EB15D2B}.Release|x64.ActiveCfg = Release|x64
		{4FC3426E-D28C-3A03-B07C-60AE6EB15D2B}.Release|x64.Build.0 = Release|x64
		{4FC3426E-D28C-3A03-B07C-60AE6EB15D2B}.MinSizeRel|x64.ActiveCfg = MinSizeRel|x64
		{4FC3426E-D28C-3A03-B07C-60AE6EB15D2B}.MinSizeRel|x64.Build.0 = MinSizeRel|x64
		{4FC3426E-D28C-3A03-B07C-60AE6EB15D2B}.RelWithDebInfo|x64.ActiveCfg = RelWithDebInfo|x64
		{4FC3426E-D28C-3A03-B07C-60AE6EB15D2B}.RelWithDebInfo|x64.Build.0 = RelWithDebInfo|x64
		{F5F7F894-DF99-3BE6-ACB5-94E5667854FA}.Debug|x64.ActiveCfg = Debug|x64
		{F5F7F894-DF99-3BE6-ACB5-94E5667854FA}.Debug|x64.Build.0 = Debug|x64
		{F5F7F894-DF99-3BE6-ACB5-94E5667854FA}.Release|x64.ActiveCfg = Release|x64
		{F5F7F894-DF99-3BE6-ACB5-94E5667854FA}.Release|x64.Build.0 = Release|x64
		{F5F7F894-DF99-3BE6-ACB5-94E5667854FA}.MinSizeRel|x64.ActiveCfg = MinSizeRel|x64
		{F5F7F894-DF99-3BE6-ACB5-94E5667854FA}.MinSizeRel|x64.Build.0 = MinSizeRel|x64
		{F5F7F894-DF99-3BE6-ACB5-94E5667854FA}.RelWithDebInfo|x64.ActiveCfg = RelWithDebInfo|x64
		{F5F7F894-DF99-3BE6-ACB5-94E5667854FA}.RelWithDebInfo|x64.Build.0 = RelWithDebInfo|x64
		{17BF0070-2B4D-34BF-8F30-006B06463C9E}.Debug|x64.ActiveCfg = Debug|x64
		{17BF0070-2B4D-34BF-8F30-006B06463C9E}.Debug|x64.Build.0 = Debug|x64
		{17BF0070-2B4D-34BF-8F30-006B06463C9E}.Release|x64.ActiveCfg = Release|x64
		{17BF0070-2B4D-34BF-8F30-006B06463C9E}.Release|x64.Build.0 = Release|x64
		{17BF0070-2B4D-34BF-8F30-006B06463C9E}.MinSizeRel|x64.ActiveCfg = MinSizeRel|x64
		{17BF0070-2B4D-34BF-8F30-006B06463C9E}.MinSizeRel|x64.Build.0 = MinSizeRel|x64
		{17BF0070-2B4D-34BF-8F30-006B06463C9E}.RelWithDebInfo|x64.ActiveCfg = RelWithDebInfo|x64
		{17BF0070-2B4D-34BF-8F30-006B06463C9E}.RelWithDebInfo|x64.Build.0 = RelWithDebInfo|x64
		{C1682A7D-B974-3035-94DC-13B46C19A01A}.Debug|x64.ActiveCfg = Debug|x64
		{C1682A7D-B974-3035-94DC-13B46C19A01A}.Release|x64.ActiveCfg = Release|x64
		{C1682A7D-B974-3035-94DC-13B46C19A01A}.MinSizeRel|x64.ActiveCfg = MinSizeRel|x64
		{C1682A7D-B974-3035-94DC-13B46C19A01A}.RelWithDebInfo|x64.ActiveCfg = RelWithDebInfo|x64
	EndGlobalSection
	GlobalSection(NestedProjects) = preSolution
		{2D832810-DE4B-3DB8-9D93-D5D2B922FAB7} = {FAC1561B-E774-36DA-860C-F6592EBBEAA6}
		{578C4487-A3AB-3DEA-83AE-5473ECFB0B7A} = {FAC1561B-E774-36DA-860C-F6592EBBEAA6}
	EndGlobalSection
	GlobalSection(ExtensibilityGlobals) = postSolution
		SolutionGuid = {3ABC2E0F-4B14-3141-B908-308F376DAF17}
	EndGlobalSection
	GlobalSection(ExtensibilityAddIns) = postSolution
	EndGlobalSection
EndGlobal
